
Microsoft Visual Studio Solution File, Format Version 10.00
# Visual C++ Express 2008
Project("{8BC9CEB8-8B4A-11D0-8D11-00A0C91BC942}") = "NFIgnore", "NFIgnore\NFIgnore.vcproj", "{C8C98E37-4A16-428E-B736-41D1BCC3C67B}"
EndProject
Project("{8BC9CEB8-8B4A-11D0-8D11-00A0C91BC942}") = "hook", "hook\hook.vcproj", "{02BE2642-F660-4163-80A6-C3B948B7AA44}"
EndProject
Global
	GlobalSection(SolutionConfigurationPlatforms) = preSolution
		Debug|Win32 = Debug|Win32
		Release|Win32 = Release|Win32
	EndGlobalSection
	GlobalSection(ProjectConfigurationPlatforms) = postSolution
		{C8C98E37-4A16-428E-B736-41D1BCC3C67B}.Debug|Win32.ActiveCfg = Debug|Win32
		{C8C98E37-4A16-428E-B736-41D1BCC3C67B}.Debug|Win32.Build.0 = Debug|Win32
		{C8C98E37-4A16-428E-B736-41D1BCC3C67B}.Release|Win32.ActiveCfg = Release|Win32
		{C8C98E37-4A16-428E-B736-41D1BCC3C67B}.Release|Win32.Build.0 = Release|Win32
		{02BE2642-F660-4163-80A6-C3B948B7AA44}.Debug|Win32.ActiveCfg = Debug|Win32
		{02BE2642-F660-4163-80A6-C3B948B7AA44}.Debug|Win32.Build.0 = Debug|Win32
		{02BE2642-F660-4163-80A6-C3B948B7AA44}.Release|Win32.ActiveCfg = Release|Win32
		{02BE2642-F660-4163-80A6-C3B948B7AA44}.Release|Win32.Build.0 = Release|Win32
	EndGlobalSection
	GlobalSection(SolutionProperties) = preSolution
		HideSolutionNode = FALSE
	EndGlobalSection
EndGlobal
